
Microsoft Visual Studio Solution File, Format Version 12.00
# Visual Studio Version 17
VisualStudioVersion = 17.8.34309.116
MinimumVisualStudioVersion = 10.0.40219.1
Project("{9A19103F-16F7-4668-BE54-9A1E7A4F7556}") = "Array", "Array.csproj", "{AC0A0358-AD82-4512-8359-F575196A9EE9}"
EndProject
Project("{9A19103F-16F7-4668-BE54-9A1E7A4F7556}") = "LinkedList", "..\LinkedList\LinkedList.csproj", "{E6BE25CB-59AB-4BB1-A36F-25E900B07FA1}"
EndProject
Project("{FAE04EC0-301F-11D3-BF4B-00C04F79EFBC}") = "BinarySearch", "..\BinarySearch\BinarySearch.csproj", "{D90E37F8-65CF-4052-8CD7-5C237E4015A9}"
EndProject
Project("{FAE04EC0-301F-11D3-BF4B-00C04F79EFBC}") = "String", "..\String\String.csproj", "{DF7EE5CE-9E4F-4A38-8B03-8E294923132B}"
EndProject
Project("{FAE04EC0-301F-11D3-BF4B-00C04F79EFBC}") = "Recursion", "..\Recursion\Recursion.csproj", "{3CBEF6FA-B86B-415C-A6A2-6C6C75EF27B8}"
EndProject
Project("{FAE04EC0-301F-11D3-BF4B-00C04F79EFBC}") = "Backtracking", "..\Backtracking\Backtracking.csproj", "{1F50E939-B7BA-4A6C-9405-FFC309D8D6D3}"
EndProject
Project("{FAE04EC0-301F-11D3-BF4B-00C04F79EFBC}") = "DP", "..\DP\DP.csproj", "{4B19E996-7375-4084-949A-98FA4760FF7A}"
EndProject
Project("{FAE04EC0-301F-11D3-BF4B-00C04F79EFBC}") = "Stack&Queue", "..\Stack&Queue\Stack&Queue\Stack&Queue.csproj", "{81D0430D-CB7A-4230-B3A0-14BC9870ECC3}"
EndProject
Global
	GlobalSection(SolutionConfigurationPlatforms) = preSolution
		Debug|Any CPU = Debug|Any CPU
		Release|Any CPU = Release|Any CPU
	EndGlobalSection
	GlobalSection(ProjectConfigurationPlatforms) = postSolution
		{AC0A0358-AD82-4512-8359-F575196A9EE9}.Debug|Any CPU.ActiveCfg = Debug|Any CPU
		{AC0A0358-AD82-4512-8359-F575196A9EE9}.Debug|Any CPU.Build.0 = Debug|Any CPU
		{AC0A0358-AD82-4512-8359-F575196A9EE9}.Release|Any CPU.ActiveCfg = Release|Any CPU
		{AC0A0358-AD82-4512-8359-F575196A9EE9}.Release|Any CPU.Build.0 = Release|Any CPU
		{E6BE25CB-59AB-4BB1-A36F-25E900B07FA1}.Debug|Any CPU.ActiveCfg = Debug|Any CPU
		{E6BE25CB-59AB-4BB1-A36F-25E900B07FA1}.Debug|Any CPU.Build.0 = Debug|Any CPU
		{E6BE25CB-59AB-4BB1-A36F-25E900B07FA1}.Release|Any CPU.ActiveCfg = Release|Any CPU
		{E6BE25CB-59AB-4BB1-A36F-25E900B07FA1}.Release|Any CPU.Build.0 = Release|Any CPU
		{D90E37F8-65CF-4052-8CD7-5C237E4015A9}.Debug|Any CPU.ActiveCfg = Debug|Any CPU
		{D90E37F8-65CF-4052-8CD7-5C237E4015A9}.Debug|Any CPU.Build.0 = Debug|Any CPU
		{D90E37F8-65CF-4052-8CD7-5C237E4015A9}.Release|Any CPU.ActiveCfg = Release|Any CPU
		{D90E37F8-65CF-4052-8CD7-5C237E4015A9}.Release|Any CPU.Build.0 = Release|Any CPU
		{DF7EE5CE-9E4F-4A38-8B03-8E294923132B}.Debug|Any CPU.ActiveCfg = Debug|Any CPU
		{DF7EE5CE-9E4F-4A38-8B03-8E294923132B}.Debug|Any CPU.Build.0 = Debug|Any CPU
		{DF7EE5CE-9E4F-4A38-8B03-8E294923132B}.Release|Any CPU.ActiveCfg = Release|Any CPU
		{DF7EE5CE-9E4F-4A38-8B03-8E294923132B}.Release|Any CPU.Build.0 = Release|Any CPU
		{3CBEF6FA-B86B-415C-A6A2-6C6C75EF27B8}.Debug|Any CPU.ActiveCfg = Debug|Any CPU
		{3CBEF6FA-B86B-415C-A6A2-6C6C75EF27B8}.Debug|Any CPU.Build.0 = Debug|Any CPU
		{3CBEF6FA-B86B-415C-A6A2-6C6C75EF27B8}.Release|Any CPU.ActiveCfg = Release|Any CPU
		{3CBEF6FA-B86B-415C-A6A2-6C6C75EF27B8}.Release|Any CPU.Build.0 = Release|Any CPU
		{1F50E939-B7BA-4A6C-9405-FFC309D8D6D3}.Debug|Any CPU.ActiveCfg = Debug|Any CPU
		{1F50E939-B7BA-4A6C-9405-FFC309D8D6D3}.Debug|Any CPU.Build.0 = Debug|Any CPU
		{1F50E939-B7BA-4A6C-9405-FFC309D8D6D3}.Release|Any CPU.ActiveCfg = Release|Any CPU
		{1F50E939-B7BA-4A6C-9405-FFC309D8D6D3}.Release|Any CPU.Build.0 = Release|Any CPU
		{4B19E996-7375-4084-949A-98FA4760FF7A}.Debug|Any CPU.ActiveCfg = Debug|Any CPU
		{4B19E996-7375-4084-949A-98FA4760FF7A}.Debug|Any CPU.Build.0 = Debug|Any CPU
		{4B19E996-7375-4084-949A-98FA4760FF7A}.Release|Any CPU.ActiveCfg = Release|Any CPU
		{4B19E996-7375-4084-949A-98FA4760FF7A}.Release|Any CPU.Build.0 = Release|Any CPU
		{81D0430D-CB7A-4230-B3A0-14BC9870ECC3}.Debug|Any CPU.ActiveCfg = Debug|Any CPU
		{81D0430D-CB7A-4230-B3A0-14BC9870ECC3}.Debug|Any CPU.Build.0 = Debug|Any CPU
		{81D0430D-CB7A-4230-B3A0-14BC9870ECC3}.Release|Any CPU.ActiveCfg = Release|Any CPU
		{81D0430D-CB7A-4230-B3A0-14BC9870ECC3}.Release|Any CPU.Build.0 = Release|Any CPU
	EndGlobalSection
	GlobalSection(SolutionProperties) = preSolution
		HideSolutionNode = FALSE
	EndGlobalSection
	GlobalSection(ExtensibilityGlobals) = postSolution
		SolutionGuid = {BB8FDE70-C99F-4B19-B4BD-69584F0891A7}
	EndGlobalSection
EndGlobal
